
Microsoft Visual Studio Solution File, Format Version 12.00
# Visual Studio 2013
VisualStudioVersion = 12.0.31101.0
MinimumVisualStudioVersion = 10.0.40219.1
Project("{151D2E53-A2C4-4D7D-83FE-D05416EBD58E}") = "armproject002-parentarm001", "armproject002-parentarm001\armproject002-parentarm001.deployproj", "{DB1506D2-7EEB-47B1-B467-19720BDA18DC}"
EndProject
Global
	GlobalSection(SolutionConfigurationPlatforms) = preSolution
		Debug|Any CPU = Debug|Any CPU
		Release|Any CPU = Release|Any CPU
	EndGlobalSection
	GlobalSection(ProjectConfigurationPlatforms) = postSolution
		{DB1506D2-7EEB-47B1-B467-19720BDA18DC}.Debug|Any CPU.ActiveCfg = Debug|Any CPU
		{DB1506D2-7EEB-47B1-B467-19720BDA18DC}.Debug|Any CPU.Build.0 = Debug|Any CPU
		{DB1506D2-7EEB-47B1-B467-19720BDA18DC}.Release|Any CPU.ActiveCfg = Release|Any CPU
		{DB1506D2-7EEB-47B1-B467-19720BDA18DC}.Release|Any CPU.Build.0 = Release|Any CPU
	EndGlobalSection
	GlobalSection(SolutionProperties) = preSolution
		HideSolutionNode = FALSE
	EndGlobalSection
EndGlobal
