
Microsoft Visual Studio Solution File, Format Version 12.00
# Visual Studio 2013
VisualStudioVersion = 12.0.31101.0
MinimumVisualStudioVersion = 10.0.40219.1
Project("{151D2E53-A2C4-4D7D-83FE-D05416EBD58E}") = "vnet-subnet-nsg-mapped", "vnet-subnet-nsg-mapped\vnet-subnet-nsg-mapped.deployproj", "{5EF83E74-7E22-4AEE-94B0-D9EE1A344E20}"
EndProject
Global
	GlobalSection(SolutionConfigurationPlatforms) = preSolution
		Debug|Any CPU = Debug|Any CPU
		Release|Any CPU = Release|Any CPU
	EndGlobalSection
	GlobalSection(ProjectConfigurationPlatforms) = postSolution
		{5EF83E74-7E22-4AEE-94B0-D9EE1A344E20}.Debug|Any CPU.ActiveCfg = Debug|Any CPU
		{5EF83E74-7E22-4AEE-94B0-D9EE1A344E20}.Debug|Any CPU.Build.0 = Debug|Any CPU
		{5EF83E74-7E22-4AEE-94B0-D9EE1A344E20}.Release|Any CPU.ActiveCfg = Release|Any CPU
		{5EF83E74-7E22-4AEE-94B0-D9EE1A344E20}.Release|Any CPU.Build.0 = Release|Any CPU
	EndGlobalSection
	GlobalSection(SolutionProperties) = preSolution
		HideSolutionNode = FALSE
	EndGlobalSection
EndGlobal
